
Microsoft Visual Studio Solution File, Format Version 12.00
# Visual Studio Version 17
VisualStudioVersion = 17.12.35527.113
MinimumVisualStudioVersion = 10.0.40219.1
Project("{FAE04EC0-301F-11D3-BF4B-00C04F79EFBC}") = "MovieTracker.API", "MovieTracker.API\MovieTracker.API.csproj", "{04983D14-B30B-575E-0548-1B405760A75F}"
EndProject
Project("{FAE04EC0-301F-11D3-BF4B-00C04F79EFBC}") = "MovieTracker.Data", "MovieTracker.Data\MovieTracker.Data.csproj", "{F23BF554-E9D8-CD97-FD46-8D19874DAEE6}"
EndProject
Project("{FAE04EC0-301F-11D3-BF4B-00C04F79EFBC}") = "MovieTracker.Service", "MovieTracker.Service\MovieTracker.Service.csproj", "{7A8DE9AF-5820-97E6-8674-120C5FA8FC37}"
EndProject
Global
	GlobalSection(SolutionConfigurationPlatforms) = preSolution
		Debug|Any CPU = Debug|Any CPU
		Release|Any CPU = Release|Any CPU
	EndGlobalSection
	GlobalSection(ProjectConfigurationPlatforms) = postSolution
		{04983D14-B30B-575E-0548-1B405760A75F}.Debug|Any CPU.ActiveCfg = Debug|Any CPU
		{04983D14-B30B-575E-0548-1B405760A75F}.Debug|Any CPU.Build.0 = Debug|Any CPU
		{04983D14-B30B-575E-0548-1B405760A75F}.Release|Any CPU.ActiveCfg = Release|Any CPU
		{04983D14-B30B-575E-0548-1B405760A75F}.Release|Any CPU.Build.0 = Release|Any CPU
		{F23BF554-E9D8-CD97-FD46-8D19874DAEE6}.Debug|Any CPU.ActiveCfg = Debug|Any CPU
		{F23BF554-E9D8-CD97-FD46-8D19874DAEE6}.Debug|Any CPU.Build.0 = Debug|Any CPU
		{F23BF554-E9D8-CD97-FD46-8D19874DAEE6}.Release|Any CPU.ActiveCfg = Release|Any CPU
		{F23BF554-E9D8-CD97-FD46-8D19874DAEE6}.Release|Any CPU.Build.0 = Release|Any CPU
		{7A8DE9AF-5820-97E6-8674-120C5FA8FC37}.Debug|Any CPU.ActiveCfg = Debug|Any CPU
		{7A8DE9AF-5820-97E6-8674-120C5FA8FC37}.Debug|Any CPU.Build.0 = Debug|Any CPU
		{7A8DE9AF-5820-97E6-8674-120C5FA8FC37}.Release|Any CPU.ActiveCfg = Release|Any CPU
		{7A8DE9AF-5820-97E6-8674-120C5FA8FC37}.Release|Any CPU.Build.0 = Release|Any CPU
	EndGlobalSection
	GlobalSection(SolutionProperties) = preSolution
		HideSolutionNode = FALSE
	EndGlobalSection
	GlobalSection(ExtensibilityGlobals) = postSolution
		SolutionGuid = {A0A3E386-980D-4C4E-9278-2CFC3B72B64E}
	EndGlobalSection
EndGlobal
